
Microsoft Visual Studio Solution File, Format Version 12.00
# Visual Studio Version 16
VisualStudioVersion = 16.0.31624.102
MinimumVisualStudioVersion = 10.0.40219.1
Project("{9A19103F-16F7-4668-BE54-9A1E7A4F7556}") = "WscPrinter_Setup", "WscPrinter_Setup\WscPrinter_Setup.csproj", "{3034BD1B-36F2-471A-8138-27E803B018AA}"
EndProject
Global
	GlobalSection(SolutionConfigurationPlatforms) = preSolution
		Debug|Any CPU = Debug|Any CPU
		Release|Any CPU = Release|Any CPU
	EndGlobalSection
	GlobalSection(ProjectConfigurationPlatforms) = postSolution
		{3034BD1B-36F2-471A-8138-27E803B018AA}.Debug|Any CPU.ActiveCfg = Debug|Any CPU
		{3034BD1B-36F2-471A-8138-27E803B018AA}.Debug|Any CPU.Build.0 = Debug|Any CPU
		{3034BD1B-36F2-471A-8138-27E803B018AA}.Release|Any CPU.ActiveCfg = Release|Any CPU
		{3034BD1B-36F2-471A-8138-27E803B018AA}.Release|Any CPU.Build.0 = Release|Any CPU
	EndGlobalSection
	GlobalSection(SolutionProperties) = preSolution
		HideSolutionNode = FALSE
	EndGlobalSection
	GlobalSection(ExtensibilityGlobals) = postSolution
		SolutionGuid = {F7DB1B62-21F7-42A5-8F94-0657D480933A}
	EndGlobalSection
EndGlobal
